
Microsoft Visual Studio Solution File, Format Version 12.00
# Visual Studio Version 17
VisualStudioVersion = 17.8.34330.188
MinimumVisualStudioVersion = 10.0.40219.1
Project("{FAE04EC0-301F-11D3-BF4B-00C04F79EFBC}") = "git13", "git13\git13.csproj", "{181A9A47-B2E3-4AB5-B40A-0A595F494C49}"
EndProject
Global
	GlobalSection(SolutionConfigurationPlatforms) = preSolution
		Debug|Any CPU = Debug|Any CPU
		Release|Any CPU = Release|Any CPU
	EndGlobalSection
	GlobalSection(ProjectConfigurationPlatforms) = postSolution
		{181A9A47-B2E3-4AB5-B40A-0A595F494C49}.Debug|Any CPU.ActiveCfg = Debug|Any CPU
		{181A9A47-B2E3-4AB5-B40A-0A595F494C49}.Debug|Any CPU.Build.0 = Debug|Any CPU
		{181A9A47-B2E3-4AB5-B40A-0A595F494C49}.Release|Any CPU.ActiveCfg = Release|Any CPU
		{181A9A47-B2E3-4AB5-B40A-0A595F494C49}.Release|Any CPU.Build.0 = Release|Any CPU
	EndGlobalSection
	GlobalSection(SolutionProperties) = preSolution
		HideSolutionNode = FALSE
	EndGlobalSection
	GlobalSection(ExtensibilityGlobals) = postSolution
		SolutionGuid = {997B3565-D199-40EF-BD4D-BA4D1719B9E2}
	EndGlobalSection
EndGlobal
